
Microsoft Visual Studio Solution File, Format Version 12.00
# Visual Studio 2013
VisualStudioVersion = 12.0.31101.0
MinimumVisualStudioVersion = 10.0.40219.1
Project("{FAE04EC0-301F-11D3-BF4B-00C04F79EFBC}") = "ProductGrid", "ProductGrid\ProductGrid.csproj", "{46AFF7D4-1AB4-43E6-9BA3-AF443F082C23}"
EndProject
Global
	GlobalSection(SolutionConfigurationPlatforms) = preSolution
		Debug|Any CPU = Debug|Any CPU
		Release|Any CPU = Release|Any CPU
	EndGlobalSection
	GlobalSection(ProjectConfigurationPlatforms) = postSolution
		{46AFF7D4-1AB4-43E6-9BA3-AF443F082C23}.Debug|Any CPU.ActiveCfg = Debug|Any CPU
		{46AFF7D4-1AB4-43E6-9BA3-AF443F082C23}.Debug|Any CPU.Build.0 = Debug|Any CPU
		{46AFF7D4-1AB4-43E6-9BA3-AF443F082C23}.Release|Any CPU.ActiveCfg = Release|Any CPU
		{46AFF7D4-1AB4-43E6-9BA3-AF443F082C23}.Release|Any CPU.Build.0 = Release|Any CPU
	EndGlobalSection
	GlobalSection(SolutionProperties) = preSolution
		HideSolutionNode = FALSE
	EndGlobalSection
EndGlobal
